
Microsoft Visual Studio Solution File, Format Version 12.00
# Visual Studio Version 16
VisualStudioVersion = 16.0.32126.315
MinimumVisualStudioVersion = 10.0.40219.1
Project("{FAE04EC0-301F-11D3-BF4B-00C04F79EFBC}") = "SupermarketManagement", "SupermarketManagement.csproj", "{CE461CDD-17E0-4FC6-9536-38C3EB2C64C8}"
EndProject
Global
	GlobalSection(SolutionConfigurationPlatforms) = preSolution
		Debug|Any CPU = Debug|Any CPU
		Release|Any CPU = Release|Any CPU
	EndGlobalSection
	GlobalSection(ProjectConfigurationPlatforms) = postSolution
		{CE461CDD-17E0-4FC6-9536-38C3EB2C64C8}.Debug|Any CPU.ActiveCfg = Debug|Any CPU
		{CE461CDD-17E0-4FC6-9536-38C3EB2C64C8}.Debug|Any CPU.Build.0 = Debug|Any CPU
		{CE461CDD-17E0-4FC6-9536-38C3EB2C64C8}.Release|Any CPU.ActiveCfg = Release|Any CPU
		{CE461CDD-17E0-4FC6-9536-38C3EB2C64C8}.Release|Any CPU.Build.0 = Release|Any CPU
	EndGlobalSection
	GlobalSection(SolutionProperties) = preSolution
		HideSolutionNode = FALSE
	EndGlobalSection
	GlobalSection(ExtensibilityGlobals) = postSolution
		SolutionGuid = {E8880DF3-4E76-4FCB-8A65-88EFD78A0D38}
	EndGlobalSection
EndGlobal
